github.com/godump/doa v0.1.2 h1:Aufbkzo4Vxzg59qs926F1pA4tZ5WuoWPvOpLbv6jKrc=
github.com/godump/doa v0.1.2/go.mod h1:a3ECk/aqWBm9dR74TgcPYRZ6ZKkz/R0qIjhGSKxmWhM=
github.com/godump/lru v0.1.0 h1:3ZXL2MOR7AHwUSMwNn0m2YByKHDgnZzeaf9fFhYPJiY=
github.com/godump/lru v0.1.0/go.mod h1:LAlJPcMa7lg5PQtB6CXwWzhIY/1J9isckJRS/HQi3s4=
